
Microsoft Visual Studio Solution File, Format Version 12.00
# Visual Studio Version 16
VisualStudioVersion = 16.0.810.11
MinimumVisualStudioVersion = 10.0.40219.1
Project("{FAE04EC0-301F-11D3-BF4B-00C04F79EFBC}") = "SelectionStatements", "SelectionStatements\SelectionStatements.csproj", "{65977380-5D9C-4453-B2A4-5887317A5CAE}"
EndProject
Global
	GlobalSection(SolutionConfigurationPlatforms) = preSolution
		Debug|Any CPU = Debug|Any CPU
		Release|Any CPU = Release|Any CPU
	EndGlobalSection
	GlobalSection(ProjectConfigurationPlatforms) = postSolution
		{65977380-5D9C-4453-B2A4-5887317A5CAE}.Debug|Any CPU.ActiveCfg = Debug|Any CPU
		{65977380-5D9C-4453-B2A4-5887317A5CAE}.Debug|Any CPU.Build.0 = Debug|Any CPU
		{65977380-5D9C-4453-B2A4-5887317A5CAE}.Release|Any CPU.ActiveCfg = Release|Any CPU
		{65977380-5D9C-4453-B2A4-5887317A5CAE}.Release|Any CPU.Build.0 = Release|Any CPU
	EndGlobalSection
	GlobalSection(SolutionProperties) = preSolution
		HideSolutionNode = FALSE
	EndGlobalSection
	GlobalSection(ExtensibilityGlobals) = postSolution
		SolutionGuid = {38A5099D-1247-436B-99A4-D3A491EFD5F4}
	EndGlobalSection
EndGlobal
